
Microsoft Visual Studio Solution File, Format Version 9.00
# Visual Studio 2005
Project("{E24C65DC-7377-472B-9ABA-BC803B73C61A}") = "C:\...\CedWeb\", "CedWeb\", "{77BD76BF-75B7-468A-8DBD-E2381B43EE2E}"
	ProjectSection(WebsiteProperties) = preProject
		SccProjectName = "Svn"
		SccAuxPath = "Svn"
		SccLocalPath = "Svn"
		SccProvider = "SubversionScc"
		ProjectReferences = "{9C229E72-6A86-4209-8730-91F573B4DF19}|CedWebRN.dll;{65404969-7DC6-45A2-BD12-40515251A60F}|CedeiraUIWebForms.dll;{B76ED545-1CF6-40BC-A3E1-52C34B0A0EFF}|CaptchaDotNet2.dll;{F973EFE8-2A29-411A-8AD9-AD2C5BBDF42C}|FeaEntidades.dll;"
		Debug.AspNetCompiler.VirtualPath = "/CedWeb"
		Debug.AspNetCompiler.PhysicalPath = "CedWeb\"
		Debug.AspNetCompiler.TargetPath = "PrecompiledWeb\CedWeb\"
		Debug.AspNetCompiler.Updateable = "false"
		Debug.AspNetCompiler.ForceOverwrite = "true"
		Debug.AspNetCompiler.FixedNames = "false"
		Debug.AspNetCompiler.Debug = "True"
		Release.AspNetCompiler.VirtualPath = "/CedWeb"
		Release.AspNetCompiler.PhysicalPath = "CedWeb\"
		Release.AspNetCompiler.TargetPath = "PrecompiledWeb\CedWeb\"
		Release.AspNetCompiler.Updateable = "false"
		Release.AspNetCompiler.ForceOverwrite = "true"
		Release.AspNetCompiler.FixedNames = "false"
		Release.AspNetCompiler.Debug = "False"
		VWDPort = "1215"
	EndProjectSection
EndProject
Project("{FAE04EC0-301F-11D3-BF4B-00C04F79EFBC}") = "CedeiraAP", "CedeiraAP\CedeiraAP.csproj", "{DB0A7D76-F68E-43A7-ADBD-08DDF2AFAD36}"
	ProjectSection(WebsiteProperties) = preProject
		Debug.AspNetCompiler.Debug = "True"
		Release.AspNetCompiler.Debug = "False"
	EndProjectSection
EndProject
Project("{FAE04EC0-301F-11D3-BF4B-00C04F79EFBC}") = "CedeiraUIWebForms", "CedeiraUIWebForms\CedeiraUIWebForms.csproj", "{65404969-7DC6-45A2-BD12-40515251A60F}"
	ProjectSection(WebsiteProperties) = preProject
		Debug.AspNetCompiler.Debug = "True"
		Release.AspNetCompiler.Debug = "False"
	EndProjectSection
EndProject
Project("{FAE04EC0-301F-11D3-BF4B-00C04F79EFBC}") = "CedEntidades", "CedEntidades\CedEntidades.csproj", "{2D17A63F-789D-4C01-864A-C15411D577A7}"
	ProjectSection(WebsiteProperties) = preProject
		Debug.AspNetCompiler.Debug = "True"
		Release.AspNetCompiler.Debug = "False"
	EndProjectSection
EndProject
Project("{FAE04EC0-301F-11D3-BF4B-00C04F79EFBC}") = "CedeiraEx", "CedEx\CedeiraEx.csproj", "{883AB19F-36F5-42A4-A1A7-4206F84E7757}"
	ProjectSection(WebsiteProperties) = preProject
		Debug.AspNetCompiler.Debug = "True"
		Release.AspNetCompiler.Debug = "False"
	EndProjectSection
EndProject
Project("{F184B08F-C81C-45F6-A57F-5ABD9991F28F}") = "CedeiraUIforms", "CedUI\CedeiraUIforms.vbproj", "{48571E9A-0BCD-486E-875F-62B861186EBE}"
	ProjectSection(WebsiteProperties) = preProject
		Debug.AspNetCompiler.Debug = "True"
		Release.AspNetCompiler.Debug = "False"
	EndProjectSection
EndProject
Project("{FAE04EC0-301F-11D3-BF4B-00C04F79EFBC}") = "CedWebDB", "CedWebDB\CedWebDB.csproj", "{C6F923E8-4A61-4708-A234-A98A20D92657}"
	ProjectSection(WebsiteProperties) = preProject
		Debug.AspNetCompiler.Debug = "True"
		Release.AspNetCompiler.Debug = "False"
	EndProjectSection
EndProject
Project("{FAE04EC0-301F-11D3-BF4B-00C04F79EFBC}") = "CedWebEntidades", "CedWebEntidades\CedWebEntidades.csproj", "{E4986760-165B-4079-9A4F-3026D498BD11}"
	ProjectSection(WebsiteProperties) = preProject
		Debug.AspNetCompiler.Debug = "True"
		Release.AspNetCompiler.Debug = "False"
	EndProjectSection
EndProject
Project("{FAE04EC0-301F-11D3-BF4B-00C04F79EFBC}") = "CedWebRN", "CedWebRN\CedWebRN.csproj", "{9C229E72-6A86-4209-8730-91F573B4DF19}"
	ProjectSection(WebsiteProperties) = preProject
		Debug.AspNetCompiler.Debug = "True"
		Release.AspNetCompiler.Debug = "False"
	EndProjectSection
EndProject
Project("{FAE04EC0-301F-11D3-BF4B-00C04F79EFBC}") = "CaptchaDotNet2", "CaptchaDotNet2\CaptchaDotNet2.csproj", "{B76ED545-1CF6-40BC-A3E1-52C34B0A0EFF}"
	ProjectSection(WebsiteProperties) = preProject
		Debug.AspNetCompiler.Debug = "True"
		Release.AspNetCompiler.Debug = "False"
	EndProjectSection
EndProject
Project("{FAE04EC0-301F-11D3-BF4B-00C04F79EFBC}") = "FeaEntidades", "FeaEntidades\FeaEntidades.csproj", "{F973EFE8-2A29-411A-8AD9-AD2C5BBDF42C}"
	ProjectSection(WebsiteProperties) = preProject
		Debug.AspNetCompiler.Debug = "True"
		Release.AspNetCompiler.Debug = "False"
	EndProjectSection
EndProject
Project("{FAE04EC0-301F-11D3-BF4B-00C04F79EFBC}") = "PieChart", "PieChart\PieChart.csproj", "{FFD70223-E4B1-4CA3-9655-D5107D1C920B}"
	ProjectSection(WebsiteProperties) = preProject
		Debug.AspNetCompiler.Debug = "True"
		Release.AspNetCompiler.Debug = "False"
	EndProjectSection
EndProject
Project("{FAE04EC0-301F-11D3-BF4B-00C04F79EFBC}") = "eFact-R-XL", "eFact-Residente\XL\eFact-R-XL\eFact-R-XL.csproj", "{2A145857-3B75-4308-A56E-40F971142FE4}"
	ProjectSection(WebsiteProperties) = preProject
		Debug.AspNetCompiler.Debug = "True"
		Release.AspNetCompiler.Debug = "False"
	EndProjectSection
EndProject
Project("{FAE04EC0-301F-11D3-BF4B-00C04F79EFBC}") = "FileHelpers.2005", "FileHelpers\FileHelpers.2005.csproj", "{EB8633FF-CEED-40EE-8D1A-CA1BF5678C42}"
	ProjectSection(WebsiteProperties) = preProject
		Debug.AspNetCompiler.Debug = "True"
		Release.AspNetCompiler.Debug = "False"
	EndProjectSection
EndProject
Project("{FAE04EC0-301F-11D3-BF4B-00C04F79EFBC}") = "FileHelpers.ExcelStorage.2005", "FileHelpers.ExcelStorage\FileHelpers.ExcelStorage.2005.csproj", "{B3F2B976-73D5-49C7-BEAA-BF62E233132A}"
	ProjectSection(WebsiteProperties) = preProject
		Debug.AspNetCompiler.Debug = "True"
		Release.AspNetCompiler.Debug = "False"
	EndProjectSection
EndProject
Project("{54435603-DBB4-11D2-8724-00A0C9A8B90C}") = "eFact-R-XL Instalador", "eFact-Residente\XL\Instalador\Instalador\Instalador.vdproj", "{0F0E062B-FC9C-493B-B7BC-D63C362A615B}"
	ProjectSection(WebsiteProperties) = preProject
		Debug.AspNetCompiler.Debug = "True"
		Release.AspNetCompiler.Debug = "False"
	EndProjectSection
EndProject
Project("{FAE04EC0-301F-11D3-BF4B-00C04F79EFBC}") = "eFact-R-Bj", "eFact-Residente\Bejerman\eFact-R-Bj\eFact-R-Bj.csproj", "{38768D97-E8CF-427F-A6AB-E658A2B25AAC}"
	ProjectSection(WebsiteProperties) = preProject
		Debug.AspNetCompiler.Debug = "True"
		Release.AspNetCompiler.Debug = "False"
	EndProjectSection
EndProject
Global
	GlobalSection(SubversionScc) = preSolution
		Svn-Managed = True
		Manager = AnkhSVN - Subversion Support for Visual Studio
	EndGlobalSection
	GlobalSection(SolutionConfigurationPlatforms) = preSolution
		Debug|.NET = Debug|.NET
		Debug|Any CPU = Debug|Any CPU
		Debug|Mixed Platforms = Debug|Mixed Platforms
		Release|.NET = Release|.NET
		Release|Any CPU = Release|Any CPU
		Release|Mixed Platforms = Release|Mixed Platforms
	EndGlobalSection
	GlobalSection(ProjectConfigurationPlatforms) = postSolution
		{77BD76BF-75B7-468A-8DBD-E2381B43EE2E}.Debug|.NET.ActiveCfg = Debug|.NET
		{77BD76BF-75B7-468A-8DBD-E2381B43EE2E}.Debug|.NET.Build.0 = Debug|.NET
		{77BD76BF-75B7-468A-8DBD-E2381B43EE2E}.Debug|Any CPU.ActiveCfg = Debug|.NET
		{77BD76BF-75B7-468A-8DBD-E2381B43EE2E}.Debug|Mixed Platforms.ActiveCfg = Debug|.NET
		{77BD76BF-75B7-468A-8DBD-E2381B43EE2E}.Debug|Mixed Platforms.Build.0 = Debug|.NET
		{77BD76BF-75B7-468A-8DBD-E2381B43EE2E}.Release|.NET.ActiveCfg = Debug|.NET
		{77BD76BF-75B7-468A-8DBD-E2381B43EE2E}.Release|.NET.Build.0 = Debug|.NET
		{77BD76BF-75B7-468A-8DBD-E2381B43EE2E}.Release|Any CPU.ActiveCfg = Debug|.NET
		{77BD76BF-75B7-468A-8DBD-E2381B43EE2E}.Release|Mixed Platforms.ActiveCfg = Debug|.NET
		{77BD76BF-75B7-468A-8DBD-E2381B43EE2E}.Release|Mixed Platforms.Build.0 = Debug|.NET
		{DB0A7D76-F68E-43A7-ADBD-08DDF2AFAD36}.Debug|.NET.ActiveCfg = Debug|Any CPU
		{DB0A7D76-F68E-43A7-ADBD-08DDF2AFAD36}.Debug|Any CPU.ActiveCfg = Debug|Any CPU
		{DB0A7D76-F68E-43A7-ADBD-08DDF2AFAD36}.Debug|Any CPU.Build.0 = Debug|Any CPU
		{DB0A7D76-F68E-43A7-ADBD-08DDF2AFAD36}.Debug|Mixed Platforms.ActiveCfg = Debug|Any CPU
		{DB0A7D76-F68E-43A7-ADBD-08DDF2AFAD36}.Debug|Mixed Platforms.Build.0 = Debug|Any CPU
		{DB0A7D76-F68E-43A7-ADBD-08DDF2AFAD36}.Release|.NET.ActiveCfg = Release|Any CPU
		{DB0A7D76-F68E-43A7-ADBD-08DDF2AFAD36}.Release|Any CPU.ActiveCfg = Release|Any CPU
		{DB0A7D76-F68E-43A7-ADBD-08DDF2AFAD36}.Release|Any CPU.Build.0 = Release|Any CPU
		{DB0A7D76-F68E-43A7-ADBD-08DDF2AFAD36}.Release|Mixed Platforms.ActiveCfg = Release|Any CPU
		{DB0A7D76-F68E-43A7-ADBD-08DDF2AFAD36}.Release|Mixed Platforms.Build.0 = Release|Any CPU
		{65404969-7DC6-45A2-BD12-40515251A60F}.Debug|.NET.ActiveCfg = Debug|Any CPU
		{65404969-7DC6-45A2-BD12-40515251A60F}.Debug|Any CPU.ActiveCfg = Debug|Any CPU
		{65404969-7DC6-45A2-BD12-40515251A60F}.Debug|Any CPU.Build.0 = Debug|Any CPU
		{65404969-7DC6-45A2-BD12-40515251A60F}.Debug|Mixed Platforms.ActiveCfg = Debug|Any CPU
		{65404969-7DC6-45A2-BD12-40515251A60F}.Debug|Mixed Platforms.Build.0 = Debug|Any CPU
		{65404969-7DC6-45A2-BD12-40515251A60F}.Release|.NET.ActiveCfg = Release|Any CPU
		{65404969-7DC6-45A2-BD12-40515251A60F}.Release|Any CPU.ActiveCfg = Release|Any CPU
		{65404969-7DC6-45A2-BD12-40515251A60F}.Release|Any CPU.Build.0 = Release|Any CPU
		{65404969-7DC6-45A2-BD12-40515251A60F}.Release|Mixed Platforms.ActiveCfg = Release|Any CPU
		{65404969-7DC6-45A2-BD12-40515251A60F}.Release|Mixed Platforms.Build.0 = Release|Any CPU
		{2D17A63F-789D-4C01-864A-C15411D577A7}.Debug|.NET.ActiveCfg = Debug|Any CPU
		{2D17A63F-789D-4C01-864A-C15411D577A7}.Debug|Any CPU.ActiveCfg = Debug|Any CPU
		{2D17A63F-789D-4C01-864A-C15411D577A7}.Debug|Any CPU.Build.0 = Debug|Any CPU
		{2D17A63F-789D-4C01-864A-C15411D577A7}.Debug|Mixed Platforms.ActiveCfg = Debug|Any CPU
		{2D17A63F-789D-4C01-864A-C15411D577A7}.Debug|Mixed Platforms.Build.0 = Debug|Any CPU
		{2D17A63F-789D-4C01-864A-C15411D577A7}.Release|.NET.ActiveCfg = Release|Any CPU
		{2D17A63F-789D-4C01-864A-C15411D577A7}.Release|Any CPU.ActiveCfg = Release|Any CPU
		{2D17A63F-789D-4C01-864A-C15411D577A7}.Release|Any CPU.Build.0 = Release|Any CPU
		{2D17A63F-789D-4C01-864A-C15411D577A7}.Release|Mixed Platforms.ActiveCfg = Release|Any CPU
		{2D17A63F-789D-4C01-864A-C15411D577A7}.Release|Mixed Platforms.Build.0 = Release|Any CPU
		{883AB19F-36F5-42A4-A1A7-4206F84E7757}.Debug|.NET.ActiveCfg = Debug|Any CPU
		{883AB19F-36F5-42A4-A1A7-4206F84E7757}.Debug|Any CPU.ActiveCfg = Debug|Any CPU
		{883AB19F-36F5-42A4-A1A7-4206F84E7757}.Debug|Any CPU.Build.0 = Debug|Any CPU
		{883AB19F-36F5-42A4-A1A7-4206F84E7757}.Debug|Mixed Platforms.ActiveCfg = Debug|Any CPU
		{883AB19F-36F5-42A4-A1A7-4206F84E7757}.Debug|Mixed Platforms.Build.0 = Debug|Any CPU
		{883AB19F-36F5-42A4-A1A7-4206F84E7757}.Release|.NET.ActiveCfg = Release|Any CPU
		{883AB19F-36F5-42A4-A1A7-4206F84E7757}.Release|Any CPU.ActiveCfg = Release|Any CPU
		{883AB19F-36F5-42A4-A1A7-4206F84E7757}.Release|Any CPU.Build.0 = Release|Any CPU
		{883AB19F-36F5-42A4-A1A7-4206F84E7757}.Release|Mixed Platforms.ActiveCfg = Release|Any CPU
		{883AB19F-36F5-42A4-A1A7-4206F84E7757}.Release|Mixed Platforms.Build.0 = Release|Any CPU
		{48571E9A-0BCD-486E-875F-62B861186EBE}.Debug|.NET.ActiveCfg = Debug|Any CPU
		{48571E9A-0BCD-486E-875F-62B861186EBE}.Debug|Any CPU.ActiveCfg = Debug|Any CPU
		{48571E9A-0BCD-486E-875F-62B861186EBE}.Debug|Any CPU.Build.0 = Debug|Any CPU
		{48571E9A-0BCD-486E-875F-62B861186EBE}.Debug|Mixed Platforms.ActiveCfg = Debug|Any CPU
		{48571E9A-0BCD-486E-875F-62B861186EBE}.Debug|Mixed Platforms.Build.0 = Debug|Any CPU
		{48571E9A-0BCD-486E-875F-62B861186EBE}.Release|.NET.ActiveCfg = Release|Any CPU
		{48571E9A-0BCD-486E-875F-62B861186EBE}.Release|Any CPU.ActiveCfg = Release|Any CPU
		{48571E9A-0BCD-486E-875F-62B861186EBE}.Release|Any CPU.Build.0 = Release|Any CPU
		{48571E9A-0BCD-486E-875F-62B861186EBE}.Release|Mixed Platforms.ActiveCfg = Release|Any CPU
		{48571E9A-0BCD-486E-875F-62B861186EBE}.Release|Mixed Platforms.Build.0 = Release|Any CPU
		{C6F923E8-4A61-4708-A234-A98A20D92657}.Debug|.NET.ActiveCfg = Debug|Any CPU
		{C6F923E8-4A61-4708-A234-A98A20D92657}.Debug|Any CPU.ActiveCfg = Debug|Any CPU
		{C6F923E8-4A61-4708-A234-A98A20D92657}.Debug|Any CPU.Build.0 = Debug|Any CPU
		{C6F923E8-4A61-4708-A234-A98A20D92657}.Debug|Mixed Platforms.ActiveCfg = Debug|Any CPU
		{C6F923E8-4A61-4708-A234-A98A20D92657}.Debug|Mixed Platforms.Build.0 = Debug|Any CPU
		{C6F923E8-4A61-4708-A234-A98A20D92657}.Release|.NET.ActiveCfg = Release|Any CPU
		{C6F923E8-4A61-4708-A234-A98A20D92657}.Release|Any CPU.ActiveCfg = Release|Any CPU
		{C6F923E8-4A61-4708-A234-A98A20D92657}.Release|Any CPU.Build.0 = Release|Any CPU
		{C6F923E8-4A61-4708-A234-A98A20D92657}.Release|Mixed Platforms.ActiveCfg = Release|Any CPU
		{C6F923E8-4A61-4708-A234-A98A20D92657}.Release|Mixed Platforms.Build.0 = Release|Any CPU
		{E4986760-165B-4079-9A4F-3026D498BD11}.Debug|.NET.ActiveCfg = Debug|Any CPU
		{E4986760-165B-4079-9A4F-3026D498BD11}.Debug|Any CPU.ActiveCfg = Debug|Any CPU
		{E4986760-165B-4079-9A4F-3026D498BD11}.Debug|Any CPU.Build.0 = Debug|Any CPU
		{E4986760-165B-4079-9A4F-3026D498BD11}.Debug|Mixed Platforms.ActiveCfg = Debug|Any CPU
		{E4986760-165B-4079-9A4F-3026D498BD11}.Debug|Mixed Platforms.Build.0 = Debug|Any CPU
		{E4986760-165B-4079-9A4F-3026D498BD11}.Release|.NET.ActiveCfg = Release|Any CPU
		{E4986760-165B-4079-9A4F-3026D498BD11}.Release|Any CPU.ActiveCfg = Release|Any CPU
		{E4986760-165B-4079-9A4F-3026D498BD11}.Release|Any CPU.Build.0 = Release|Any CPU
		{E4986760-165B-4079-9A4F-3026D498BD11}.Release|Mixed Platforms.ActiveCfg = Release|Any CPU
		{E4986760-165B-4079-9A4F-3026D498BD11}.Release|Mixed Platforms.Build.0 = Release|Any CPU
		{9C229E72-6A86-4209-8730-91F573B4DF19}.Debug|.NET.ActiveCfg = Debug|Any CPU
		{9C229E72-6A86-4209-8730-91F573B4DF19}.Debug|Any CPU.ActiveCfg = Debug|Any CPU
		{9C229E72-6A86-4209-8730-91F573B4DF19}.Debug|Any CPU.Build.0 = Debug|Any CPU
		{9C229E72-6A86-4209-8730-91F573B4DF19}.Debug|Mixed Platforms.ActiveCfg = Debug|Any CPU
		{9C229E72-6A86-4209-8730-91F573B4DF19}.Debug|Mixed Platforms.Build.0 = Debug|Any CPU
		{9C229E72-6A86-4209-8730-91F573B4DF19}.Release|.NET.ActiveCfg = Release|Any CPU
		{9C229E72-6A86-4209-8730-91F573B4DF19}.Release|Any CPU.ActiveCfg = Release|Any CPU
		{9C229E72-6A86-4209-8730-91F573B4DF19}.Release|Any CPU.Build.0 = Release|Any CPU
		{9C229E72-6A86-4209-8730-91F573B4DF19}.Release|Mixed Platforms.ActiveCfg = Release|Any CPU
		{9C229E72-6A86-4209-8730-91F573B4DF19}.Release|Mixed Platforms.Build.0 = Release|Any CPU
		{B76ED545-1CF6-40BC-A3E1-52C34B0A0EFF}.Debug|.NET.ActiveCfg = Debug|Any CPU
		{B76ED545-1CF6-40BC-A3E1-52C34B0A0EFF}.Debug|Any CPU.ActiveCfg = Debug|Any CPU
		{B76ED545-1CF6-40BC-A3E1-52C34B0A0EFF}.Debug|Any CPU.Build.0 = Debug|Any CPU
		{B76ED545-1CF6-40BC-A3E1-52C34B0A0EFF}.Debug|Mixed Platforms.ActiveCfg = Debug|Any CPU
		{B76ED545-1CF6-40BC-A3E1-52C34B0A0EFF}.Debug|Mixed Platforms.Build.0 = Debug|Any CPU
		{B76ED545-1CF6-40BC-A3E1-52C34B0A0EFF}.Release|.NET.ActiveCfg = Release|Any CPU
		{B76ED545-1CF6-40BC-A3E1-52C34B0A0EFF}.Release|Any CPU.ActiveCfg = Release|Any CPU
		{B76ED545-1CF6-40BC-A3E1-52C34B0A0EFF}.Release|Any CPU.Build.0 = Release|Any CPU
		{B76ED545-1CF6-40BC-A3E1-52C34B0A0EFF}.Release|Mixed Platforms.ActiveCfg = Release|Any CPU
		{B76ED545-1CF6-40BC-A3E1-52C34B0A0EFF}.Release|Mixed Platforms.Build.0 = Release|Any CPU
		{F973EFE8-2A29-411A-8AD9-AD2C5BBDF42C}.Debug|.NET.ActiveCfg = Debug|Any CPU
		{F973EFE8-2A29-411A-8AD9-AD2C5BBDF42C}.Debug|Any CPU.ActiveCfg = Debug|Any CPU
		{F973EFE8-2A29-411A-8AD9-AD2C5BBDF42C}.Debug|Any CPU.Build.0 = Debug|Any CPU
		{F973EFE8-2A29-411A-8AD9-AD2C5BBDF42C}.Debug|Mixed Platforms.ActiveCfg = Debug|Any CPU
		{F973EFE8-2A29-411A-8AD9-AD2C5BBDF42C}.Debug|Mixed Platforms.Build.0 = Debug|Any CPU
		{F973EFE8-2A29-411A-8AD9-AD2C5BBDF42C}.Release|.NET.ActiveCfg = Release|Any CPU
		{F973EFE8-2A29-411A-8AD9-AD2C5BBDF42C}.Release|Any CPU.ActiveCfg = Release|Any CPU
		{F973EFE8-2A29-411A-8AD9-AD2C5BBDF42C}.Release|Any CPU.Build.0 = Release|Any CPU
		{F973EFE8-2A29-411A-8AD9-AD2C5BBDF42C}.Release|Mixed Platforms.ActiveCfg = Release|Any CPU
		{F973EFE8-2A29-411A-8AD9-AD2C5BBDF42C}.Release|Mixed Platforms.Build.0 = Release|Any CPU
		{FFD70223-E4B1-4CA3-9655-D5107D1C920B}.Debug|.NET.ActiveCfg = Debug|Any CPU
		{FFD70223-E4B1-4CA3-9655-D5107D1C920B}.Debug|Any CPU.ActiveCfg = Debug|Any CPU
		{FFD70223-E4B1-4CA3-9655-D5107D1C920B}.Debug|Any CPU.Build.0 = Debug|Any CPU
		{FFD70223-E4B1-4CA3-9655-D5107D1C920B}.Debug|Mixed Platforms.ActiveCfg = Debug|Any CPU
		{FFD70223-E4B1-4CA3-9655-D5107D1C920B}.Debug|Mixed Platforms.Build.0 = Debug|Any CPU
		{FFD70223-E4B1-4CA3-9655-D5107D1C920B}.Release|.NET.ActiveCfg = Release|Any CPU
		{FFD70223-E4B1-4CA3-9655-D5107D1C920B}.Release|Any CPU.ActiveCfg = Release|Any CPU
		{FFD70223-E4B1-4CA3-9655-D5107D1C920B}.Release|Any CPU.Build.0 = Release|Any CPU
		{FFD70223-E4B1-4CA3-9655-D5107D1C920B}.Release|Mixed Platforms.ActiveCfg = Release|Any CPU
		{FFD70223-E4B1-4CA3-9655-D5107D1C920B}.Release|Mixed Platforms.Build.0 = Release|Any CPU
		{2A145857-3B75-4308-A56E-40F971142FE4}.Debug|.NET.ActiveCfg = Debug|Any CPU
		{2A145857-3B75-4308-A56E-40F971142FE4}.Debug|.NET.Build.0 = Debug|Any CPU
		{2A145857-3B75-4308-A56E-40F971142FE4}.Debug|Any CPU.ActiveCfg = Debug|Any CPU
		{2A145857-3B75-4308-A56E-40F971142FE4}.Debug|Any CPU.Build.0 = Debug|Any CPU
		{2A145857-3B75-4308-A56E-40F971142FE4}.Debug|Mixed Platforms.ActiveCfg = Debug|Any CPU
		{2A145857-3B75-4308-A56E-40F971142FE4}.Debug|Mixed Platforms.Build.0 = Debug|Any CPU
		{2A145857-3B75-4308-A56E-40F971142FE4}.Release|.NET.ActiveCfg = Release|Any CPU
		{2A145857-3B75-4308-A56E-40F971142FE4}.Release|Any CPU.ActiveCfg = Release|Any CPU
		{2A145857-3B75-4308-A56E-40F971142FE4}.Release|Any CPU.Build.0 = Release|Any CPU
		{2A145857-3B75-4308-A56E-40F971142FE4}.Release|Mixed Platforms.ActiveCfg = Release|Any CPU
		{2A145857-3B75-4308-A56E-40F971142FE4}.Release|Mixed Platforms.Build.0 = Release|Any CPU
		{EB8633FF-CEED-40EE-8D1A-CA1BF5678C42}.Debug|.NET.ActiveCfg = Debug|Any CPU
		{EB8633FF-CEED-40EE-8D1A-CA1BF5678C42}.Debug|Any CPU.ActiveCfg = Debug|Any CPU
		{EB8633FF-CEED-40EE-8D1A-CA1BF5678C42}.Debug|Any CPU.Build.0 = Debug|Any CPU
		{EB8633FF-CEED-40EE-8D1A-CA1BF5678C42}.Debug|Mixed Platforms.ActiveCfg = Debug|Any CPU
		{EB8633FF-CEED-40EE-8D1A-CA1BF5678C42}.Debug|Mixed Platforms.Build.0 = Debug|Any CPU
		{EB8633FF-CEED-40EE-8D1A-CA1BF5678C42}.Release|.NET.ActiveCfg = Release|Any CPU
		{EB8633FF-CEED-40EE-8D1A-CA1BF5678C42}.Release|Any CPU.ActiveCfg = Release|Any CPU
		{EB8633FF-CEED-40EE-8D1A-CA1BF5678C42}.Release|Any CPU.Build.0 = Release|Any CPU
		{EB8633FF-CEED-40EE-8D1A-CA1BF5678C42}.Release|Mixed Platforms.ActiveCfg = Release|Any CPU
		{EB8633FF-CEED-40EE-8D1A-CA1BF5678C42}.Release|Mixed Platforms.Build.0 = Release|Any CPU
		{B3F2B976-73D5-49C7-BEAA-BF62E233132A}.Debug|.NET.ActiveCfg = Debug|Any CPU
		{B3F2B976-73D5-49C7-BEAA-BF62E233132A}.Debug|Any CPU.ActiveCfg = Debug|Any CPU
		{B3F2B976-73D5-49C7-BEAA-BF62E233132A}.Debug|Any CPU.Build.0 = Debug|Any CPU
		{B3F2B976-73D5-49C7-BEAA-BF62E233132A}.Debug|Mixed Platforms.ActiveCfg = Debug|Any CPU
		{B3F2B976-73D5-49C7-BEAA-BF62E233132A}.Debug|Mixed Platforms.Build.0 = Debug|Any CPU
		{B3F2B976-73D5-49C7-BEAA-BF62E233132A}.Release|.NET.ActiveCfg = Release|Any CPU
		{B3F2B976-73D5-49C7-BEAA-BF62E233132A}.Release|Any CPU.ActiveCfg = Release|Any CPU
		{B3F2B976-73D5-49C7-BEAA-BF62E233132A}.Release|Any CPU.Build.0 = Release|Any CPU
		{B3F2B976-73D5-49C7-BEAA-BF62E233132A}.Release|Mixed Platforms.ActiveCfg = Release|Any CPU
		{B3F2B976-73D5-49C7-BEAA-BF62E233132A}.Release|Mixed Platforms.Build.0 = Release|Any CPU
		{0F0E062B-FC9C-493B-B7BC-D63C362A615B}.Debug|.NET.ActiveCfg = Debug
		{0F0E062B-FC9C-493B-B7BC-D63C362A615B}.Debug|Any CPU.ActiveCfg = Debug
		{0F0E062B-FC9C-493B-B7BC-D63C362A615B}.Debug|Any CPU.Build.0 = Debug
		{0F0E062B-FC9C-493B-B7BC-D63C362A615B}.Debug|Mixed Platforms.ActiveCfg = Debug
		{0F0E062B-FC9C-493B-B7BC-D63C362A615B}.Debug|Mixed Platforms.Build.0 = Debug
		{0F0E062B-FC9C-493B-B7BC-D63C362A615B}.Release|.NET.ActiveCfg = Release
		{0F0E062B-FC9C-493B-B7BC-D63C362A615B}.Release|.NET.Build.0 = Release
		{0F0E062B-FC9C-493B-B7BC-D63C362A615B}.Release|Any CPU.ActiveCfg = Release
		{0F0E062B-FC9C-493B-B7BC-D63C362A615B}.Release|Any CPU.Build.0 = Release
		{0F0E062B-FC9C-493B-B7BC-D63C362A615B}.Release|Mixed Platforms.ActiveCfg = Release
		{0F0E062B-FC9C-493B-B7BC-D63C362A615B}.Release|Mixed Platforms.Build.0 = Release
		{38768D97-E8CF-427F-A6AB-E658A2B25AAC}.Debug|.NET.ActiveCfg = Debug|Any CPU
		{38768D97-E8CF-427F-A6AB-E658A2B25AAC}.Debug|Any CPU.ActiveCfg = Debug|Any CPU
		{38768D97-E8CF-427F-A6AB-E658A2B25AAC}.Debug|Any CPU.Build.0 = Debug|Any CPU
		{38768D97-E8CF-427F-A6AB-E658A2B25AAC}.Debug|Mixed Platforms.ActiveCfg = Debug|Any CPU
		{38768D97-E8CF-427F-A6AB-E658A2B25AAC}.Debug|Mixed Platforms.Build.0 = Debug|Any CPU
		{38768D97-E8CF-427F-A6AB-E658A2B25AAC}.Release|.NET.ActiveCfg = Release|Any CPU
		{38768D97-E8CF-427F-A6AB-E658A2B25AAC}.Release|Any CPU.ActiveCfg = Release|Any CPU
		{38768D97-E8CF-427F-A6AB-E658A2B25AAC}.Release|Any CPU.Build.0 = Release|Any CPU
		{38768D97-E8CF-427F-A6AB-E658A2B25AAC}.Release|Mixed Platforms.ActiveCfg = Release|Any CPU
		{38768D97-E8CF-427F-A6AB-E658A2B25AAC}.Release|Mixed Platforms.Build.0 = Release|Any CPU
	EndGlobalSection
	GlobalSection(SolutionProperties) = preSolution
		HideSolutionNode = FALSE
	EndGlobalSection
EndGlobal
