
Microsoft Visual Studio Solution File, Format Version 12.00
# Visual Studio 15
VisualStudioVersion = 15.0.28307.645
MinimumVisualStudioVersion = 10.0.40219.1
Project("{FAE04EC0-301F-11D3-BF4B-00C04F79EFBC}") = "Gas", "Gas.csproj", "{884D9CCB-CB69-452D-B277-28D04F390046}"
EndProject
Project("{FAE04EC0-301F-11D3-BF4B-00C04F79EFBC}") = "FileHelpers.2005", "..\FileHelpers\FileHelpers.2005.csproj", "{EB8633FF-CEED-40EE-8D1A-CA1BF5678C42}"
EndProject
Project("{FAE04EC0-301F-11D3-BF4B-00C04F79EFBC}") = "FileHelpers.ExcelStorage.2005", "..\FileHelpers.ExcelStorage\FileHelpers.ExcelStorage.2005.csproj", "{B3F2B976-73D5-49C7-BEAA-BF62E233132A}"
EndProject
Project("{54435603-DBB4-11D2-8724-00A0C9A8B90C}") = "Gas-Instalador", "..\Gas-Instalador\Gas-Instalador.vdproj", "{CA1F7E79-4CA5-4E1F-BF22-3DC46307146C}"
EndProject
Project("{FAE04EC0-301F-11D3-BF4B-00C04F79EFBC}") = "CedeiraEx", "..\CedEx\CedeiraEx.csproj", "{883AB19F-36F5-42A4-A1A7-4206F84E7757}"
EndProject
Project("{F184B08F-C81C-45F6-A57F-5ABD9991F28F}") = "CedeiraUIforms", "..\CedUI\CedeiraUIforms.vbproj", "{48571E9A-0BCD-486E-875F-62B861186EBE}"
EndProject
Global
	GlobalSection(SolutionConfigurationPlatforms) = preSolution
		Cedeira|Any CPU = Cedeira|Any CPU
		Debug|Any CPU = Debug|Any CPU
		Release|Any CPU = Release|Any CPU
	EndGlobalSection
	GlobalSection(ProjectConfigurationPlatforms) = postSolution
		{884D9CCB-CB69-452D-B277-28D04F390046}.Cedeira|Any CPU.ActiveCfg = Release|Any CPU
		{884D9CCB-CB69-452D-B277-28D04F390046}.Cedeira|Any CPU.Build.0 = Release|Any CPU
		{884D9CCB-CB69-452D-B277-28D04F390046}.Debug|Any CPU.ActiveCfg = Debug|Any CPU
		{884D9CCB-CB69-452D-B277-28D04F390046}.Debug|Any CPU.Build.0 = Debug|Any CPU
		{884D9CCB-CB69-452D-B277-28D04F390046}.Release|Any CPU.ActiveCfg = Release|Any CPU
		{884D9CCB-CB69-452D-B277-28D04F390046}.Release|Any CPU.Build.0 = Release|Any CPU
		{EB8633FF-CEED-40EE-8D1A-CA1BF5678C42}.Cedeira|Any CPU.ActiveCfg = Release|Any CPU
		{EB8633FF-CEED-40EE-8D1A-CA1BF5678C42}.Cedeira|Any CPU.Build.0 = Release|Any CPU
		{EB8633FF-CEED-40EE-8D1A-CA1BF5678C42}.Debug|Any CPU.ActiveCfg = Debug|Any CPU
		{EB8633FF-CEED-40EE-8D1A-CA1BF5678C42}.Debug|Any CPU.Build.0 = Debug|Any CPU
		{EB8633FF-CEED-40EE-8D1A-CA1BF5678C42}.Release|Any CPU.ActiveCfg = Release|Any CPU
		{EB8633FF-CEED-40EE-8D1A-CA1BF5678C42}.Release|Any CPU.Build.0 = Release|Any CPU
		{B3F2B976-73D5-49C7-BEAA-BF62E233132A}.Cedeira|Any CPU.ActiveCfg = Release|Any CPU
		{B3F2B976-73D5-49C7-BEAA-BF62E233132A}.Cedeira|Any CPU.Build.0 = Release|Any CPU
		{B3F2B976-73D5-49C7-BEAA-BF62E233132A}.Debug|Any CPU.ActiveCfg = Debug|Any CPU
		{B3F2B976-73D5-49C7-BEAA-BF62E233132A}.Debug|Any CPU.Build.0 = Debug|Any CPU
		{B3F2B976-73D5-49C7-BEAA-BF62E233132A}.Release|Any CPU.ActiveCfg = Release|Any CPU
		{B3F2B976-73D5-49C7-BEAA-BF62E233132A}.Release|Any CPU.Build.0 = Release|Any CPU
		{CA1F7E79-4CA5-4E1F-BF22-3DC46307146C}.Cedeira|Any CPU.ActiveCfg = Release
		{CA1F7E79-4CA5-4E1F-BF22-3DC46307146C}.Cedeira|Any CPU.Build.0 = Release
		{CA1F7E79-4CA5-4E1F-BF22-3DC46307146C}.Debug|Any CPU.ActiveCfg = Debug
		{CA1F7E79-4CA5-4E1F-BF22-3DC46307146C}.Release|Any CPU.ActiveCfg = Release
		{883AB19F-36F5-42A4-A1A7-4206F84E7757}.Cedeira|Any CPU.ActiveCfg = Cedeira|Any CPU
		{883AB19F-36F5-42A4-A1A7-4206F84E7757}.Cedeira|Any CPU.Build.0 = Cedeira|Any CPU
		{883AB19F-36F5-42A4-A1A7-4206F84E7757}.Debug|Any CPU.ActiveCfg = Debug|Any CPU
		{883AB19F-36F5-42A4-A1A7-4206F84E7757}.Debug|Any CPU.Build.0 = Debug|Any CPU
		{883AB19F-36F5-42A4-A1A7-4206F84E7757}.Release|Any CPU.ActiveCfg = Release|Any CPU
		{883AB19F-36F5-42A4-A1A7-4206F84E7757}.Release|Any CPU.Build.0 = Release|Any CPU
		{48571E9A-0BCD-486E-875F-62B861186EBE}.Cedeira|Any CPU.ActiveCfg = Cedeira|Any CPU
		{48571E9A-0BCD-486E-875F-62B861186EBE}.Cedeira|Any CPU.Build.0 = Cedeira|Any CPU
		{48571E9A-0BCD-486E-875F-62B861186EBE}.Debug|Any CPU.ActiveCfg = Debug|Any CPU
		{48571E9A-0BCD-486E-875F-62B861186EBE}.Debug|Any CPU.Build.0 = Debug|Any CPU
		{48571E9A-0BCD-486E-875F-62B861186EBE}.Release|Any CPU.ActiveCfg = Release|Any CPU
		{48571E9A-0BCD-486E-875F-62B861186EBE}.Release|Any CPU.Build.0 = Release|Any CPU
	EndGlobalSection
	GlobalSection(SolutionProperties) = preSolution
		HideSolutionNode = FALSE
	EndGlobalSection
	GlobalSection(ExtensibilityGlobals) = postSolution
		SolutionGuid = {041830C3-6C21-45B2-ACC0-6D6D8C8B0E00}
	EndGlobalSection
EndGlobal
